
Microsoft Visual Studio Solution File, Format Version 12.00
# Visual Studio 14
VisualStudioVersion = 14.0.25420.1
MinimumVisualStudioVersion = 10.0.40219.1
Project("{FAE04EC0-301F-11D3-BF4B-00C04F79EFBC}") = "BEntities", "BEntities\BEntities.csproj", "{BFA995CE-E7F5-4BDD-9A9A-473FF71B7B3E}"
EndProject
Project("{FAE04EC0-301F-11D3-BF4B-00C04F79EFBC}") = "BEntitiesTest", "BEntitiesTest\BEntitiesTest.csproj", "{805A5421-2CD5-48F5-A686-CCF5D14B5907}"
EndProject
Project("{FAE04EC0-301F-11D3-BF4B-00C04F79EFBC}") = "DemoProject", "..\Examples\DemoProject\DemoProject.csproj", "{B6669DBF-9BBC-4A90-8A36-6A1A68E41C24}"
EndProject
Global
	GlobalSection(SolutionConfigurationPlatforms) = preSolution
		Debug|Any CPU = Debug|Any CPU
		Release|Any CPU = Release|Any CPU
	EndGlobalSection
	GlobalSection(ProjectConfigurationPlatforms) = postSolution
		{BFA995CE-E7F5-4BDD-9A9A-473FF71B7B3E}.Debug|Any CPU.ActiveCfg = Debug|Any CPU
		{BFA995CE-E7F5-4BDD-9A9A-473FF71B7B3E}.Debug|Any CPU.Build.0 = Debug|Any CPU
		{BFA995CE-E7F5-4BDD-9A9A-473FF71B7B3E}.Release|Any CPU.ActiveCfg = Release|Any CPU
		{BFA995CE-E7F5-4BDD-9A9A-473FF71B7B3E}.Release|Any CPU.Build.0 = Release|Any CPU
		{805A5421-2CD5-48F5-A686-CCF5D14B5907}.Debug|Any CPU.ActiveCfg = Debug|Any CPU
		{805A5421-2CD5-48F5-A686-CCF5D14B5907}.Debug|Any CPU.Build.0 = Debug|Any CPU
		{805A5421-2CD5-48F5-A686-CCF5D14B5907}.Release|Any CPU.ActiveCfg = Release|Any CPU
		{805A5421-2CD5-48F5-A686-CCF5D14B5907}.Release|Any CPU.Build.0 = Release|Any CPU
		{B6669DBF-9BBC-4A90-8A36-6A1A68E41C24}.Debug|Any CPU.ActiveCfg = Debug|Any CPU
		{B6669DBF-9BBC-4A90-8A36-6A1A68E41C24}.Debug|Any CPU.Build.0 = Debug|Any CPU
		{B6669DBF-9BBC-4A90-8A36-6A1A68E41C24}.Release|Any CPU.ActiveCfg = Release|Any CPU
		{B6669DBF-9BBC-4A90-8A36-6A1A68E41C24}.Release|Any CPU.Build.0 = Release|Any CPU
	EndGlobalSection
	GlobalSection(SolutionProperties) = preSolution
		HideSolutionNode = FALSE
	EndGlobalSection
	GlobalSection(ExtensibilityGlobals) = postSolution
		SolutionGuid = {0134EC52-B4FD-46C9-BE7A-85CFFB65C596}
	EndGlobalSection
EndGlobal
